
Microsoft Visual Studio Solution File, Format Version 12.00
# Visual Studio Version 17
VisualStudioVersion = 17.14.37216.2 d17.14
MinimumVisualStudioVersion = 10.0.40219.1
Project("{FAE04EC0-301F-11D3-BF4B-00C04F79EFBC}") = "Crime_Reporting_and_Tracking_System", "Crime_Reporting_and_Tracking_System\Crime_Reporting_and_Tracking_System.csproj", "{72AF6A81-6D74-43F5-B407-7B6B66668C03}"
EndProject
Global
	GlobalSection(SolutionConfigurationPlatforms) = preSolution
		Debug|Any CPU = Debug|Any CPU
		Release|Any CPU = Release|Any CPU
	EndGlobalSection
	GlobalSection(ProjectConfigurationPlatforms) = postSolution
		{72AF6A81-6D74-43F5-B407-7B6B66668C03}.Debug|Any CPU.ActiveCfg = Debug|Any CPU
		{72AF6A81-6D74-43F5-B407-7B6B66668C03}.Debug|Any CPU.Build.0 = Debug|Any CPU
		{72AF6A81-6D74-43F5-B407-7B6B66668C03}.Release|Any CPU.ActiveCfg = Release|Any CPU
		{72AF6A81-6D74-43F5-B407-7B6B66668C03}.Release|Any CPU.Build.0 = Release|Any CPU
	EndGlobalSection
	GlobalSection(SolutionProperties) = preSolution
		HideSolutionNode = FALSE
	EndGlobalSection
	GlobalSection(ExtensibilityGlobals) = postSolution
		SolutionGuid = {AF58D9D5-EF4B-478B-A943-E5C9BF5FDDE9}
	EndGlobalSection
EndGlobal
